
Microsoft Visual Studio Solution File, Format Version 12.00
# Visual Studio Version 17
VisualStudioVersion = 17.2.32630.192
MinimumVisualStudioVersion = 10.0.40219.1
Project("{FAE04EC0-301F-11D3-BF4B-00C04F79EFBC}") = "ConsoleApp1", "ConsoleApp1\ConsoleApp1.csproj", "{5A1FB305-12C9-4BF3-8F60-6D75569B41FE}"
EndProject
Global
	GlobalSection(SolutionConfigurationPlatforms) = preSolution
		Debug|Any CPU = Debug|Any CPU
		Release|Any CPU = Release|Any CPU
	EndGlobalSection
	GlobalSection(ProjectConfigurationPlatforms) = postSolution
		{5A1FB305-12C9-4BF3-8F60-6D75569B41FE}.Debug|Any CPU.ActiveCfg = Debug|Any CPU
		{5A1FB305-12C9-4BF3-8F60-6D75569B41FE}.Debug|Any CPU.Build.0 = Debug|Any CPU
		{5A1FB305-12C9-4BF3-8F60-6D75569B41FE}.Release|Any CPU.ActiveCfg = Release|Any CPU
		{5A1FB305-12C9-4BF3-8F60-6D75569B41FE}.Release|Any CPU.Build.0 = Release|Any CPU
	EndGlobalSection
	GlobalSection(SolutionProperties) = preSolution
		HideSolutionNode = FALSE
	EndGlobalSection
	GlobalSection(ExtensibilityGlobals) = postSolution
		SolutionGuid = {9CF0E810-50EF-4F05-A14E-2EBB6C3E4E8B}
	EndGlobalSection
EndGlobal
