
Microsoft Visual Studio Solution File, Format Version 12.00
# Visual Studio Version 17
VisualStudioVersion = 17.2.32630.192
MinimumVisualStudioVersion = 10.0.40219.1
Project("{FAE04EC0-301F-11D3-BF4B-00C04F79EFBC}") = "SignUpApp", "SignUpApp\SignUpApp.csproj", "{624FDBFB-437E-4F9B-92D5-E07092303280}"
EndProject
Global
	GlobalSection(SolutionConfigurationPlatforms) = preSolution
		Debug|Any CPU = Debug|Any CPU
		Release|Any CPU = Release|Any CPU
	EndGlobalSection
	GlobalSection(ProjectConfigurationPlatforms) = postSolution
		{624FDBFB-437E-4F9B-92D5-E07092303280}.Debug|Any CPU.ActiveCfg = Debug|Any CPU
		{624FDBFB-437E-4F9B-92D5-E07092303280}.Debug|Any CPU.Build.0 = Debug|Any CPU
		{624FDBFB-437E-4F9B-92D5-E07092303280}.Release|Any CPU.ActiveCfg = Release|Any CPU
		{624FDBFB-437E-4F9B-92D5-E07092303280}.Release|Any CPU.Build.0 = Release|Any CPU
	EndGlobalSection
	GlobalSection(SolutionProperties) = preSolution
		HideSolutionNode = FALSE
	EndGlobalSection
	GlobalSection(ExtensibilityGlobals) = postSolution
		SolutionGuid = {C1D733D1-2603-4F88-B143-B8B2314F3F48}
	EndGlobalSection
EndGlobal
